
Microsoft Visual Studio Solution File, Format Version 12.00
# Visual Studio Version 17
VisualStudioVersion = 17.8.34525.116
MinimumVisualStudioVersion = 10.0.40219.1
Project("{FAE04EC0-301F-11D3-BF4B-00C04F79EFBC}") = "PAINotificationService", "PAINotificationService\PAINotificationService.csproj", "{54C6752A-1B8F-45D5-A19A-834099872729}"
EndProject
Global
	GlobalSection(SolutionConfigurationPlatforms) = preSolution
		Debug|Any CPU = Debug|Any CPU
		Release|Any CPU = Release|Any CPU
	EndGlobalSection
	GlobalSection(ProjectConfigurationPlatforms) = postSolution
		{54C6752A-1B8F-45D5-A19A-834099872729}.Debug|Any CPU.ActiveCfg = Debug|Any CPU
		{54C6752A-1B8F-45D5-A19A-834099872729}.Debug|Any CPU.Build.0 = Debug|Any CPU
		{54C6752A-1B8F-45D5-A19A-834099872729}.Release|Any CPU.ActiveCfg = Release|Any CPU
		{54C6752A-1B8F-45D5-A19A-834099872729}.Release|Any CPU.Build.0 = Release|Any CPU
	EndGlobalSection
	GlobalSection(SolutionProperties) = preSolution
		HideSolutionNode = FALSE
	EndGlobalSection
	GlobalSection(ExtensibilityGlobals) = postSolution
		SolutionGuid = {8353060A-4310-47C0-88B0-B29DABB7A117}
	EndGlobalSection
EndGlobal
